<?xml version="1.0" encoding="utf-8"?>
<Project ToolsVersion="4.0" xmlns="http://schemas.microsoft.com/developer/msbuild/2003">
  <ItemGroup>
    <Filter Include="Source Files">
      <UniqueIdentifier>{4FC737F1-C7A5-4376-A066-2A32D752A2FF}</UniqueIdentifier>
      <Extensions>cpp;c;cc;cxx;c++;cppm;ixx;def;odl;idl;hpj;bat;asm;asmx</Extensions>
    </Filter>
    <Filter Include="Header Files">
      <UniqueIdentifier>{93995380-89BD-4b04-88EB-625FBE52EBFB}</UniqueIdentifier>
      <Extensions>h;hh;hpp;hxx;h++;hm;inl;inc;ipp;xsd</Extensions>
    </Filter>
    <Filter Include="Resource Files">
      <UniqueIdentifier>{67DA6AB6-F800-4c08-8B7A-83BB121AAD01}</UniqueIdentifier>
      <Extensions>rc;ico;cur;bmp;dlg;rc2;rct;bin;rgs;gif;jpg;jpeg;jpe;resx;tiff;tif;png;wav;mfcribbon-ms</Extensions>
    </Filter>
    <Filter Include="Header Files\core">
      <UniqueIdentifier>{aef8faaf-5b8e-47f9-9459-557d70cc2840}</UniqueIdentifier>
    </Filter>
    <Filter Include="Header Files\lib">
      <UniqueIdentifier>{bd482f8d-3411-445a-8336-ce91d15bc071}</UniqueIdentifier>
    </Filter>
    <Filter Include="Header Files\screens">
      <UniqueIdentifier>{072cba23-20bd-46d4-a272-7da5c571a918}</UniqueIdentifier>
    </Filter>
    <Filter Include="Header Files\screens\users">
      <UniqueIdentifier>{f968e569-a268-490b-8550-89dc2b265928}</UniqueIdentifier>
    </Filter>
    <Filter Include="Header Files\screens\currency">
      <UniqueIdentifier>{cc693a01-fbd4-4141-a8c9-4de9902c7308}</UniqueIdentifier>
    </Filter>
  </ItemGroup>
  <ItemGroup>
    <ClInclude Include="..\util_libraryProject\classes_in_library\util_libraryProject\clsDate.h">
      <Filter>Header Files\lib</Filter>
    </ClInclude>
    <ClInclude Include="..\util_libraryProject\classes_in_library\util_libraryProject\clsInputValidate.h">
      <Filter>Header Files\lib</Filter>
    </ClInclude>
    <ClInclude Include="..\string_library_project\string_library_project\clsString.h">
      <Filter>Header Files\lib</Filter>
    </ClInclude>
    <ClInclude Include="..\util_libraryProject\classes_in_library\util_libraryProject\util.h">
      <Filter>Header Files\lib</Filter>
    </ClInclude>
    <ClInclude Include="includes\clsAddNewClientScreen.h">
      <Filter>Header Files</Filter>
    </ClInclude>
    <ClInclude Include="includes\clsAddNewUserScreen.h">
      <Filter>Header Files</Filter>
    </ClInclude>
    <ClInclude Include="includes\clsBankClient.h">
      <Filter>Header Files</Filter>
    </ClInclude>
    <ClInclude Include="includes\clsBankUser.h">
      <Filter>Header Files</Filter>
    </ClInclude>
    <ClInclude Include="includes\clsClientListScreen.h">
      <Filter>Header Files</Filter>
    </ClInclude>
    <ClInclude Include="includes\clsCurrency.h">
      <Filter>Header Files</Filter>
    </ClInclude>
    <ClInclude Include="includes\clsCurrencyCalculator.h">
      <Filter>Header Files</Filter>
    </ClInclude>
    <ClInclude Include="includes\clsCurrencyListScreen.h">
      <Filter>Header Files</Filter>
    </ClInclude>
    <ClInclude Include="includes\clsCurrencyMainScreen.h">
      <Filter>Header Files</Filter>
    </ClInclude>
    <ClInclude Include="includes\clsDeleteClientScreen.h">
      <Filter>Header Files</Filter>
    </ClInclude>
    <ClInclude Include="includes\clsDeleteUserScreen.h">
      <Filter>Header Files</Filter>
    </ClInclude>
    <ClInclude Include="includes\clsDepositScreen.h">
      <Filter>Header Files</Filter>
    </ClInclude>
    <ClInclude Include="includes\clsFindClientScreen.h">
      <Filter>Header Files</Filter>
    </ClInclude>
    <ClInclude Include="includes\clsFindCurrencyScreen.h">
      <Filter>Header Files</Filter>
    </ClInclude>
    <ClInclude Include="includes\clsFindUserScreen.h">
      <Filter>Header Files</Filter>
    </ClInclude>
    <ClInclude Include="includes\clsListUsersScreen.h">
      <Filter>Header Files</Filter>
    </ClInclude>
    <ClInclude Include="includes\clsLoginScreen.h">
      <Filter>Header Files</Filter>
    </ClInclude>
    <ClInclude Include="includes\clsMainScreen.h">
      <Filter>Header Files</Filter>
    </ClInclude>
    <ClInclude Include="includes\clsManageUsersScreen.h">
      <Filter>Header Files</Filter>
    </ClInclude>
    <ClInclude Include="includes\clsPerson.h">
      <Filter>Header Files</Filter>
    </ClInclude>
    <ClInclude Include="includes\clsRegisterLoginScreen.h">
      <Filter>Header Files</Filter>
    </ClInclude>
    <ClInclude Include="includes\clsScreen.h">
      <Filter>Header Files</Filter>
    </ClInclude>
    <ClInclude Include="includes\clsShowBalancesScreen.h">
      <Filter>Header Files</Filter>
    </ClInclude>
    <ClInclude Include="includes\clsTransactionScreen.h">
      <Filter>Header Files</Filter>
    </ClInclude>
    <ClInclude Include="includes\clsTransferLogScreen.h">
      <Filter>Header Files</Filter>
    </ClInclude>
    <ClInclude Include="includes\clsTransferScreen.h">
      <Filter>Header Files</Filter>
    </ClInclude>
    <ClInclude Include="includes\clsUpdateClientScreen.h">
      <Filter>Header Files</Filter>
    </ClInclude>
    <ClInclude Include="includes\clsUpdateCurrencyScreen.h">
      <Filter>Header Files</Filter>
    </ClInclude>
    <ClInclude Include="includes\clsUpdateUserScreen.h">
      <Filter>Header Files</Filter>
    </ClInclude>
    <ClInclude Include="includes\clsWithdrawScreen.h">
      <Filter>Header Files</Filter>
    </ClInclude>
    <ClInclude Include="includes\GlobalUser.h">
      <Filter>Header Files</Filter>
    </ClInclude>
  </ItemGroup>
  <ItemGroup>
    <ClCompile Include="src\bankSystem1.cpp">
      <Filter>Source Files</Filter>
    </ClCompile>
  </ItemGroup>
</Project>